
Microsoft Visual Studio Solution File, Format Version 12.00
# Visual Studio Version 16
VisualStudioVersion = 16.0.30804.86
MinimumVisualStudioVersion = 15.0.26124.0
Project("{2150E333-8FDC-42A3-9474-1A3956D46DE8}") = "src", "src", "{82069408-9533-4546-92EB-F162CB5A8871}"
EndProject
Project("{2150E333-8FDC-42A3-9474-1A3956D46DE8}") = "test", "test", "{795019CE-03EB-473F-8988-5896D4A222BE}"
EndProject
Project("{2150E333-8FDC-42A3-9474-1A3956D46DE8}") = "modules", "modules", "{190AA32A-AF4C-4B0B-8E4E-D070D7D045BE}"
EndProject
Project("{2150E333-8FDC-42A3-9474-1A3956D46DE8}") = "frameworks", "frameworks", "{373ABAFC-098A-4A10-A1FE-29BB2FF3C6B4}"
EndProject
Project("{2150E333-8FDC-42A3-9474-1A3956D46DE8}") = "apps", "apps", "{EE0765C5-F8FD-44E1-A8DE-F4A570DA0690}"
EndProject
Project("{9A19103F-16F7-4668-BE54-9A1E7A4F7556}") = "Zo.Xapp.Domain.Shared", "src\apps\Zo.Xapp.Domain.Shared\Zo.Xapp.Domain.Shared.csproj", "{876BAEE4-D72A-45E9-9393-C4ED33A9B615}"
EndProject
Project("{9A19103F-16F7-4668-BE54-9A1E7A4F7556}") = "Zo.Xapp.Domain", "src\apps\Zo.Xapp.Domain\Zo.Xapp.Domain.csproj", "{7388ED68-4350-4CC1-9D87-48514CB798DD}"
EndProject
Project("{9A19103F-16F7-4668-BE54-9A1E7A4F7556}") = "Zo.Xapp.EntityFrameworkCore", "src\apps\Zo.Xapp.EntityFrameworkCore\Zo.Xapp.EntityFrameworkCore.csproj", "{A7E87837-C0AD-4B2C-80CE-3A39546ED9E6}"
EndProject
Project("{9A19103F-16F7-4668-BE54-9A1E7A4F7556}") = "Zo.Xapp.EntityFrameworkCore.DbMigrations", "src\apps\Zo.Xapp.EntityFrameworkCore.DbMigrations\Zo.Xapp.EntityFrameworkCore.DbMigrations.csproj", "{897C46C6-7DD5-420A-9BAF-DBABCFB55285}"
EndProject
Project("{9A19103F-16F7-4668-BE54-9A1E7A4F7556}") = "Zo.Xapp.DbMigrator", "src\apps\Zo.Xapp.DbMigrator\Zo.Xapp.DbMigrator.csproj", "{9A63A6DF-3592-4A55-93B4-0AEDCB8D9C8F}"
EndProject
Project("{9A19103F-16F7-4668-BE54-9A1E7A4F7556}") = "Zo.Xapp.Application.Contracts", "src\apps\Zo.Xapp.Application.Contracts\Zo.Xapp.Application.Contracts.csproj", "{78029E74-C3B4-4790-ACCE-26507720097E}"
EndProject
Project("{9A19103F-16F7-4668-BE54-9A1E7A4F7556}") = "Zo.Xapp.Application", "src\apps\Zo.Xapp.Application\Zo.Xapp.Application.csproj", "{3C38367D-76B2-400D-8687-DB1459245AAC}"
EndProject
Project("{9A19103F-16F7-4668-BE54-9A1E7A4F7556}") = "Zo.Xapp.Core", "src\frameworks\Zo.Xapp.Core\Zo.Xapp.Core.csproj", "{12146F8E-B3C4-4E52-B120-BEABD5BABED1}"
EndProject
Project("{9A19103F-16F7-4668-BE54-9A1E7A4F7556}") = "Zo.Xapp.SerialPort", "src\frameworks\Zo.Xapp.SerialPort\Zo.Xapp.SerialPort.csproj", "{D76E0B82-D760-43ED-8B5B-27A66D3F0234}"
EndProject
Project("{9A19103F-16F7-4668-BE54-9A1E7A4F7556}") = "Zo.Xapp.Wpf.Ui", "src\frameworks\Zo.Xapp.Wpf.Ui\Zo.Xapp.Wpf.Ui.csproj", "{C21611BA-1B41-4AD9-91A8-46AF814B1284}"
EndProject
Project("{9A19103F-16F7-4668-BE54-9A1E7A4F7556}") = "Zo.Xapp.Wpf", "src\apps\Zo.Xapp.Wpf\Zo.Xapp.Wpf.csproj", "{409EF7F5-5343-46B2-AA2B-43D02F65125B}"
EndProject
Global
	GlobalSection(SolutionConfigurationPlatforms) = preSolution
		Debug|Any CPU = Debug|Any CPU
		Release|Any CPU = Release|Any CPU
	EndGlobalSection
	GlobalSection(ProjectConfigurationPlatforms) = postSolution
		{876BAEE4-D72A-45E9-9393-C4ED33A9B615}.Debug|Any CPU.ActiveCfg = Debug|Any CPU
		{876BAEE4-D72A-45E9-9393-C4ED33A9B615}.Debug|Any CPU.Build.0 = Debug|Any CPU
		{876BAEE4-D72A-45E9-9393-C4ED33A9B615}.Release|Any CPU.ActiveCfg = Release|Any CPU
		{876BAEE4-D72A-45E9-9393-C4ED33A9B615}.Release|Any CPU.Build.0 = Release|Any CPU
		{7388ED68-4350-4CC1-9D87-48514CB798DD}.Debug|Any CPU.ActiveCfg = Debug|Any CPU
		{7388ED68-4350-4CC1-9D87-48514CB798DD}.Debug|Any CPU.Build.0 = Debug|Any CPU
		{7388ED68-4350-4CC1-9D87-48514CB798DD}.Release|Any CPU.ActiveCfg = Release|Any CPU
		{7388ED68-4350-4CC1-9D87-48514CB798DD}.Release|Any CPU.Build.0 = Release|Any CPU
		{A7E87837-C0AD-4B2C-80CE-3A39546ED9E6}.Debug|Any CPU.ActiveCfg = Debug|Any CPU
		{A7E87837-C0AD-4B2C-80CE-3A39546ED9E6}.Debug|Any CPU.Build.0 = Debug|Any CPU
		{A7E87837-C0AD-4B2C-80CE-3A39546ED9E6}.Release|Any CPU.ActiveCfg = Release|Any CPU
		{A7E87837-C0AD-4B2C-80CE-3A39546ED9E6}.Release|Any CPU.Build.0 = Release|Any CPU
		{897C46C6-7DD5-420A-9BAF-DBABCFB55285}.Debug|Any CPU.ActiveCfg = Debug|Any CPU
		{897C46C6-7DD5-420A-9BAF-DBABCFB55285}.Debug|Any CPU.Build.0 = Debug|Any CPU
		{897C46C6-7DD5-420A-9BAF-DBABCFB55285}.Release|Any CPU.ActiveCfg = Release|Any CPU
		{897C46C6-7DD5-420A-9BAF-DBABCFB55285}.Release|Any CPU.Build.0 = Release|Any CPU
		{9A63A6DF-3592-4A55-93B4-0AEDCB8D9C8F}.Debug|Any CPU.ActiveCfg = Debug|Any CPU
		{9A63A6DF-3592-4A55-93B4-0AEDCB8D9C8F}.Debug|Any CPU.Build.0 = Debug|Any CPU
		{9A63A6DF-3592-4A55-93B4-0AEDCB8D9C8F}.Release|Any CPU.ActiveCfg = Release|Any CPU
		{9A63A6DF-3592-4A55-93B4-0AEDCB8D9C8F}.Release|Any CPU.Build.0 = Release|Any CPU
		{78029E74-C3B4-4790-ACCE-26507720097E}.Debug|Any CPU.ActiveCfg = Debug|Any CPU
		{78029E74-C3B4-4790-ACCE-26507720097E}.Debug|Any CPU.Build.0 = Debug|Any CPU
		{78029E74-C3B4-4790-ACCE-26507720097E}.Release|Any CPU.ActiveCfg = Release|Any CPU
		{78029E74-C3B4-4790-ACCE-26507720097E}.Release|Any CPU.Build.0 = Release|Any CPU
		{3C38367D-76B2-400D-8687-DB1459245AAC}.Debug|Any CPU.ActiveCfg = Debug|Any CPU
		{3C38367D-76B2-400D-8687-DB1459245AAC}.Debug|Any CPU.Build.0 = Debug|Any CPU
		{3C38367D-76B2-400D-8687-DB1459245AAC}.Release|Any CPU.ActiveCfg = Release|Any CPU
		{3C38367D-76B2-400D-8687-DB1459245AAC}.Release|Any CPU.Build.0 = Release|Any CPU
		{12146F8E-B3C4-4E52-B120-BEABD5BABED1}.Debug|Any CPU.ActiveCfg = Debug|Any CPU
		{12146F8E-B3C4-4E52-B120-BEABD5BABED1}.Debug|Any CPU.Build.0 = Debug|Any CPU
		{12146F8E-B3C4-4E52-B120-BEABD5BABED1}.Release|Any CPU.ActiveCfg = Release|Any CPU
		{12146F8E-B3C4-4E52-B120-BEABD5BABED1}.Release|Any CPU.Build.0 = Release|Any CPU
		{D76E0B82-D760-43ED-8B5B-27A66D3F0234}.Debug|Any CPU.ActiveCfg = Debug|Any CPU
		{D76E0B82-D760-43ED-8B5B-27A66D3F0234}.Debug|Any CPU.Build.0 = Debug|Any CPU
		{D76E0B82-D760-43ED-8B5B-27A66D3F0234}.Release|Any CPU.ActiveCfg = Release|Any CPU
		{D76E0B82-D760-43ED-8B5B-27A66D3F0234}.Release|Any CPU.Build.0 = Release|Any CPU
		{C21611BA-1B41-4AD9-91A8-46AF814B1284}.Debug|Any CPU.ActiveCfg = Debug|Any CPU
		{C21611BA-1B41-4AD9-91A8-46AF814B1284}.Debug|Any CPU.Build.0 = Debug|Any CPU
		{C21611BA-1B41-4AD9-91A8-46AF814B1284}.Release|Any CPU.ActiveCfg = Release|Any CPU
		{C21611BA-1B41-4AD9-91A8-46AF814B1284}.Release|Any CPU.Build.0 = Release|Any CPU
		{409EF7F5-5343-46B2-AA2B-43D02F65125B}.Debug|Any CPU.ActiveCfg = Debug|Any CPU
		{409EF7F5-5343-46B2-AA2B-43D02F65125B}.Debug|Any CPU.Build.0 = Debug|Any CPU
		{409EF7F5-5343-46B2-AA2B-43D02F65125B}.Release|Any CPU.ActiveCfg = Release|Any CPU
		{409EF7F5-5343-46B2-AA2B-43D02F65125B}.Release|Any CPU.Build.0 = Release|Any CPU
	EndGlobalSection
	GlobalSection(SolutionProperties) = preSolution
		HideSolutionNode = FALSE
	EndGlobalSection
	GlobalSection(NestedProjects) = preSolution
		{190AA32A-AF4C-4B0B-8E4E-D070D7D045BE} = {82069408-9533-4546-92EB-F162CB5A8871}
		{373ABAFC-098A-4A10-A1FE-29BB2FF3C6B4} = {82069408-9533-4546-92EB-F162CB5A8871}
		{EE0765C5-F8FD-44E1-A8DE-F4A570DA0690} = {82069408-9533-4546-92EB-F162CB5A8871}
		{876BAEE4-D72A-45E9-9393-C4ED33A9B615} = {EE0765C5-F8FD-44E1-A8DE-F4A570DA0690}
		{7388ED68-4350-4CC1-9D87-48514CB798DD} = {EE0765C5-F8FD-44E1-A8DE-F4A570DA0690}
		{A7E87837-C0AD-4B2C-80CE-3A39546ED9E6} = {EE0765C5-F8FD-44E1-A8DE-F4A570DA0690}
		{897C46C6-7DD5-420A-9BAF-DBABCFB55285} = {EE0765C5-F8FD-44E1-A8DE-F4A570DA0690}
		{9A63A6DF-3592-4A55-93B4-0AEDCB8D9C8F} = {EE0765C5-F8FD-44E1-A8DE-F4A570DA0690}
		{78029E74-C3B4-4790-ACCE-26507720097E} = {EE0765C5-F8FD-44E1-A8DE-F4A570DA0690}
		{3C38367D-76B2-400D-8687-DB1459245AAC} = {EE0765C5-F8FD-44E1-A8DE-F4A570DA0690}
		{12146F8E-B3C4-4E52-B120-BEABD5BABED1} = {373ABAFC-098A-4A10-A1FE-29BB2FF3C6B4}
		{D76E0B82-D760-43ED-8B5B-27A66D3F0234} = {373ABAFC-098A-4A10-A1FE-29BB2FF3C6B4}
		{C21611BA-1B41-4AD9-91A8-46AF814B1284} = {373ABAFC-098A-4A10-A1FE-29BB2FF3C6B4}
		{409EF7F5-5343-46B2-AA2B-43D02F65125B} = {EE0765C5-F8FD-44E1-A8DE-F4A570DA0690}
	EndGlobalSection
	GlobalSection(ExtensibilityGlobals) = postSolution
		SolutionGuid = {64372E47-1B96-437E-8FA6-044A1482456C}
	EndGlobalSection
EndGlobal
